
Microsoft Visual Studio Solution File, Format Version 11.00
# Visual C++ Express 2010
Project("{8BC9CEB8-8B4A-11D0-8D11-00A0C91BC942}") = "problem2", "problem2\problem2.vcxproj", "{54906B44-7C23-430C-834D-C205363ECC4B}"
EndProject
Global
	GlobalSection(SolutionConfigurationPlatforms) = preSolution
		Debug|Win32 = Debug|Win32
		Release|Win32 = Release|Win32
	EndGlobalSection
	GlobalSection(ProjectConfigurationPlatforms) = postSolution
		{54906B44-7C23-430C-834D-C205363ECC4B}.Debug|Win32.ActiveCfg = Debug|Win32
		{54906B44-7C23-430C-834D-C205363ECC4B}.Debug|Win32.Build.0 = Debug|Win32
		{54906B44-7C23-430C-834D-C205363ECC4B}.Release|Win32.ActiveCfg = Release|Win32
		{54906B44-7C23-430C-834D-C205363ECC4B}.Release|Win32.Build.0 = Release|Win32
	EndGlobalSection
	GlobalSection(SolutionProperties) = preSolution
		HideSolutionNode = FALSE
	EndGlobalSection
EndGlobal
