
Microsoft Visual Studio Solution File, Format Version 11.00
# Visual C++ Express 2010
Project("{8BC9CEB8-8B4A-11D0-8D11-00A0C91BC942}") = "suffixAutomaton", "suffixAutomaton\suffixAutomaton.vcxproj", "{6D176507-605D-4DD9-AB4F-74F1B9D47E2F}"
EndProject
Global
	GlobalSection(SolutionConfigurationPlatforms) = preSolution
		Debug|Win32 = Debug|Win32
		Release|Win32 = Release|Win32
	EndGlobalSection
	GlobalSection(ProjectConfigurationPlatforms) = postSolution
		{6D176507-605D-4DD9-AB4F-74F1B9D47E2F}.Debug|Win32.ActiveCfg = Debug|Win32
		{6D176507-605D-4DD9-AB4F-74F1B9D47E2F}.Debug|Win32.Build.0 = Debug|Win32
		{6D176507-605D-4DD9-AB4F-74F1B9D47E2F}.Release|Win32.ActiveCfg = Release|Win32
		{6D176507-605D-4DD9-AB4F-74F1B9D47E2F}.Release|Win32.Build.0 = Release|Win32
	EndGlobalSection
	GlobalSection(SolutionProperties) = preSolution
		HideSolutionNode = FALSE
	EndGlobalSection
EndGlobal
