
Microsoft Visual Studio Solution File, Format Version 11.00
# Visual C++ Express 2010
Project("{8BC9CEB8-8B4A-11D0-8D11-00A0C91BC942}") = "tree", "tree\tree.vcxproj", "{DF3C135A-6F8D-4F88-951F-65B4CD8F6A08}"
EndProject
Global
	GlobalSection(SolutionConfigurationPlatforms) = preSolution
		Debug|Win32 = Debug|Win32
		Release|Win32 = Release|Win32
	EndGlobalSection
	GlobalSection(ProjectConfigurationPlatforms) = postSolution
		{DF3C135A-6F8D-4F88-951F-65B4CD8F6A08}.Debug|Win32.ActiveCfg = Debug|Win32
		{DF3C135A-6F8D-4F88-951F-65B4CD8F6A08}.Debug|Win32.Build.0 = Debug|Win32
		{DF3C135A-6F8D-4F88-951F-65B4CD8F6A08}.Release|Win32.ActiveCfg = Release|Win32
		{DF3C135A-6F8D-4F88-951F-65B4CD8F6A08}.Release|Win32.Build.0 = Release|Win32
	EndGlobalSection
	GlobalSection(SolutionProperties) = preSolution
		HideSolutionNode = FALSE
	EndGlobalSection
EndGlobal
